
Microsoft Visual Studio Solution File, Format Version 12.00
# Visual Studio Version 17
VisualStudioVersion = 17.9.34728.123
MinimumVisualStudioVersion = 10.0.40219.1
Project("{FAE04EC0-301F-11D3-BF4B-00C04F79EFBC}") = "AngularCalculator.Server", "AngularCalculator.Server\AngularCalculator.Server.csproj", "{275B9019-A137-4D4D-B97C-EDBD4C94EEBA}"
EndProject
Project("{54A90642-561A-4BB1-A94E-469ADEE60C69}") = "angularcalculator.client", "angularcalculator.client\angularcalculator.client.esproj", "{D58A363D-2843-4BF1-9C38-B4DA0AA2C598}"
EndProject
Global
	GlobalSection(SolutionConfigurationPlatforms) = preSolution
		Debug|Any CPU = Debug|Any CPU
		Release|Any CPU = Release|Any CPU
	EndGlobalSection
	GlobalSection(ProjectConfigurationPlatforms) = postSolution
		{275B9019-A137-4D4D-B97C-EDBD4C94EEBA}.Debug|Any CPU.ActiveCfg = Debug|Any CPU
		{275B9019-A137-4D4D-B97C-EDBD4C94EEBA}.Debug|Any CPU.Build.0 = Debug|Any CPU
		{275B9019-A137-4D4D-B97C-EDBD4C94EEBA}.Release|Any CPU.ActiveCfg = Release|Any CPU
		{275B9019-A137-4D4D-B97C-EDBD4C94EEBA}.Release|Any CPU.Build.0 = Release|Any CPU
		{D58A363D-2843-4BF1-9C38-B4DA0AA2C598}.Debug|Any CPU.ActiveCfg = Debug|Any CPU
		{D58A363D-2843-4BF1-9C38-B4DA0AA2C598}.Debug|Any CPU.Build.0 = Debug|Any CPU
		{D58A363D-2843-4BF1-9C38-B4DA0AA2C598}.Debug|Any CPU.Deploy.0 = Debug|Any CPU
		{D58A363D-2843-4BF1-9C38-B4DA0AA2C598}.Release|Any CPU.ActiveCfg = Release|Any CPU
		{D58A363D-2843-4BF1-9C38-B4DA0AA2C598}.Release|Any CPU.Build.0 = Release|Any CPU
		{D58A363D-2843-4BF1-9C38-B4DA0AA2C598}.Release|Any CPU.Deploy.0 = Release|Any CPU
	EndGlobalSection
	GlobalSection(SolutionProperties) = preSolution
		HideSolutionNode = FALSE
	EndGlobalSection
	GlobalSection(ExtensibilityGlobals) = postSolution
		SolutionGuid = {60EE4023-68F4-463B-AF7F-67FD6B925E58}
	EndGlobalSection
EndGlobal
